// !$*UTF8*$!
{
	archiveVersion = 1;
	classes = {
	};
	objectVersion = 48;
	objects = {

/* Begin PBXBuildFile section */
		184FCB9610836D5A47BBEC37 /* Pods_socket_client.framework in Frameworks */ = {isa = PBXBuildFile; fileRef = 7D99C1CDDA86098CC6A74A05 /* Pods_socket_client.framework */; };
		8617288C201978FF00CBF99F /* AppDelegate.swift in Sources */ = {isa = PBXBuildFile; fileRef = 8617288B201978FF00CBF99F /* AppDelegate.swift */; };
		8617288E201978FF00CBF99F /* ViewController.swift in Sources */ = {isa = PBXBuildFile; fileRef = 8617288D201978FF00CBF99F /* ViewController.swift */; };
		86172891201978FF00CBF99F /* Main.storyboard in Resources */ = {isa = PBXBuildFile; fileRef = 8617288F201978FF00CBF99F /* Main.storyboard */; };
		86172893201978FF00CBF99F /* Assets.xcassets in Resources */ = {isa = PBXBuildFile; fileRef = 86172892201978FF00CBF99F /* Assets.xcassets */; };
		86172896201978FF00CBF99F /* LaunchScreen.storyboard in Resources */ = {isa = PBXBuildFile; fileRef = 86172894201978FF00CBF99F /* LaunchScreen.storyboard */; };
/* End PBXBuildFile section */

/* Begin PBXFileReference section */
		3E2C469ACDFEFF4BDD7BD228 /* Pods-socket.client.release.xcconfig */ = {isa = PBXFileReference; includeInIndex = 1; lastKnownFileType = text.xcconfig; name = "Pods-socket.client.release.xcconfig"; path = "Pods/Target Support Files/Pods-socket.client/Pods-socket.client.release.xcconfig"; sourceTree = "<group>"; };
		7D99C1CDDA86098CC6A74A05 /* Pods_socket_client.framework */ = {isa = PBXFileReference; explicitFileType = wrapper.framework; includeInIndex = 0; path = Pods_socket_client.framework; sourceTree = BUILT_PRODUCTS_DIR; };
		86172888201978FF00CBF99F /* socket.client.app */ = {isa = PBXFileReference; explicitFileType = wrapper.application; includeInIndex = 0; path = socket.client.app; sourceTree = BUILT_PRODUCTS_DIR; };
		8617288B201978FF00CBF99F /* AppDelegate.swift */ = {isa = PBXFileReference; lastKnownFileType = sourcecode.swift; path = AppDelegate.swift; sourceTree = "<group>"; };
		8617288D201978FF00CBF99F /* ViewController.swift */ = {isa = PBXFileReference; lastKnownFileType = sourcecode.swift; path = ViewController.swift; sourceTree = "<group>"; };
		86172890201978FF00CBF99F /* Base */ = {isa = PBXFileReference; lastKnownFileType = file.storyboard; name = Base; path = Base.lproj/Main.storyboard; sourceTree = "<group>"; };
		86172892201978FF00CBF99F /* Assets.xcassets */ = {isa = PBXFileReference; lastKnownFileType = folder.assetcatalog; path = Assets.xcassets; sourceTree = "<group>"; };
		86172895201978FF00CBF99F /* Base */ = {isa = PBXFileReference; lastKnownFileType = file.storyboard; name = Base; path = Base.lproj/LaunchScreen.storyboard; sourceTree = "<group>"; };
		86172897201978FF00CBF99F /* Info.plist */ = {isa = PBXFileReference; lastKnownFileType = text.plist.xml; path = Info.plist; sourceTree = "<group>"; };
		A0C77E021079568DB94ABA11 /* Pods-socket.client.debug.xcconfig */ = {isa = PBXFileReference; includeInIndex = 1; lastKnownFileType = text.xcconfig; name = "Pods-socket.client.debug.xcconfig"; path = "Pods/Target Support Files/Pods-socket.client/Pods-socket.client.debug.xcconfig"; sourceTree = "<group>"; };
/* End PBXFileReference section */

/* Begin PBXFrameworksBuildPhase section */
		86172885201978FF00CBF99F /* Frameworks */ = {
			isa = PBXFrameworksBuildPhase;
			buildActionMask = 2147483647;
			files = (
				184FCB9610836D5A47BBEC37 /* Pods_socket_client.framework in Frameworks */,
			);
			runOnlyForDeploymentPostprocessing = 0;
		};
/* End PBXFrameworksBuildPhase section */

/* Begin PBXGroup section */
		7425BE28F7AD91F74F28150F /* Pods */ = {
			isa = PBXGroup;
			children = (
				A0C77E021079568DB94ABA11 /* Pods-socket.client.debug.xcconfig */,
				3E2C469ACDFEFF4BDD7BD228 /* Pods-socket.client.release.xcconfig */,
			);
			name = Pods;
			sourceTree = "<group>";
		};
		8617287F201978FF00CBF99F = {
			isa = PBXGroup;
			children = (
				8617288A201978FF00CBF99F /* socket.client */,
				86172889201978FF00CBF99F /* Products */,
				7425BE28F7AD91F74F28150F /* Pods */,
				BA134B9B8BB6170643D55B96 /* Frameworks */,
			);
			sourceTree = "<group>";
		};
		86172889201978FF00CBF99F /* Products */ = {
			isa = PBXGroup;
			children = (
				86172888201978FF00CBF99F /* socket.client.app */,
			);
			name = Products;
			sourceTree = "<group>";
		};
		8617288A201978FF00CBF99F /* socket.client */ = {
			isa = PBXGroup;
			children = (
				8617288B201978FF00CBF99F /* AppDelegate.swift */,
				8617288D201978FF00CBF99F /* ViewController.swift */,
				8617288F201978FF00CBF99F /* Main.storyboard */,
				86172892201978FF00CBF99F /* Assets.xcassets */,
				86172894201978FF00CBF99F /* LaunchScreen.storyboard */,
				86172897201978FF00CBF99F /* Info.plist */,
			);
			path = socket.client;
			sourceTree = "<group>";
		};
		BA134B9B8BB6170643D55B96 /* Frameworks */ = {
			isa = PBXGroup;
			children = (
				7D99C1CDDA86098CC6A74A05 /* Pods_socket_client.framework */,
			);
			name = Frameworks;
			sourceTree = "<group>";
		};
/* End PBXGroup section */

/* Begin PBXNativeTarget section */
		86172887201978FF00CBF99F /* socket.client */ = {
			isa = PBXNativeTarget;
			buildConfigurationList = 8617289A201978FF00CBF99F /* Build configuration list for PBXNativeTarget "socket.client" */;
			buildPhases = (
				628E2D00F265959864C0779E /* [CP] Check Pods Manifest.lock */,
				86172884201978FF00CBF99F /* Sources */,
				86172885201978FF00CBF99F /* Frameworks */,
				86172886201978FF00CBF99F /* Resources */,
				F65E0298C014DA54862D7614 /* [CP] Embed Pods Frameworks */,
				A5AC55643DB8D21EB007A850 /* [CP] Copy Pods Resources */,
			);
			buildRules = (
			);
			dependencies = (
			);
			name = socket.client;
			productName = socket.client;
			productReference = 86172888201978FF00CBF99F /* socket.client.app */;
			productType = "com.apple.product-type.application";
		};
/* End PBXNativeTarget section */

/* Begin PBXProject section */
		86172880201978FF00CBF99F /* Project object */ = {
			isa = PBXProject;
			attributes = {
				LastSwiftUpdateCheck = 0920;
				LastUpgradeCheck = 0920;
				ORGANIZATIONNAME = "Flia Beltran Mendez";
				TargetAttributes = {
					86172887201978FF00CBF99F = {
						CreatedOnToolsVersion = 9.2;
						ProvisioningStyle = Automatic;
					};
				};
			};
			buildConfigurationList = 86172883201978FF00CBF99F /* Build configuration list for PBXProject "socket.client" */;
			compatibilityVersion = "Xcode 8.0";
			developmentRegion = en;
			hasScannedForEncodings = 0;
			knownRegions = (
				en,
				Base,
			);
			mainGroup = 8617287F201978FF00CBF99F;
			productRefGroup = 86172889201978FF00CBF99F /* Products */;
			projectDirPath = "";
			projectRoot = "";
			targets = (
				86172887201978FF00CBF99F /* socket.client */,
			);
		};
/* End PBXProject section */

/* Begin PBXResourcesBuildPhase section */
		86172886201978FF00CBF99F /* Resources */ = {
			isa = PBXResourcesBuildPhase;
			buildActionMask = 2147483647;
			files = (
				86172896201978FF00CBF99F /* LaunchScreen.storyboard in Resources */,
				86172893201978FF00CBF99F /* Assets.xcassets in Resources */,
				86172891201978FF00CBF99F /* Main.storyboard in Resources */,
			);
			runOnlyForDeploymentPostprocessing = 0;
		};
/* End PBXResourcesBuildPhase section */

/* Begin PBXShellScriptBuildPhase section */
		628E2D00F265959864C0779E /* [CP] Check Pods Manifest.lock */ = {
			isa = PBXShellScriptBuildPhase;
			buildActionMask = 2147483647;
			files = (
			);
			inputPaths = (
				"${PODS_PODFILE_DIR_PATH}/Podfile.lock",
				"${PODS_ROOT}/Manifest.lock",
			);
			name = "[CP] Check Pods Manifest.lock";
			outputPaths = (
				"$(DERIVED_FILE_DIR)/Pods-socket.client-checkManifestLockResult.txt",
			);
			runOnlyForDeploymentPostprocessing = 0;
			shellPath = /bin/sh;
			shellScript = "diff \"${PODS_PODFILE_DIR_PATH}/Podfile.lock\" \"${PODS_ROOT}/Manifest.lock\" > /dev/null\nif [ $? != 0 ] ; then\n    # print error to STDERR\n    echo \"error: The sandbox is not in sync with the Podfile.lock. Run 'pod install' or update your CocoaPods installation.\" >&2\n    exit 1\nfi\n# This output is used by Xcode 'outputs' to avoid re-running this script phase.\necho \"SUCCESS\" > \"${SCRIPT_OUTPUT_FILE_0}\"\n";
			showEnvVarsInLog = 0;
		};
		A5AC55643DB8D21EB007A850 /* [CP] Copy Pods Resources */ = {
			isa = PBXShellScriptBuildPhase;
			buildActionMask = 2147483647;
			files = (
			);
			inputPaths = (
			);
			name = "[CP] Copy Pods Resources";
			outputPaths = (
			);
			runOnlyForDeploymentPostprocessing = 0;
			shellPath = /bin/sh;
			shellScript = "\"${SRCROOT}/Pods/Target Support Files/Pods-socket.client/Pods-socket.client-resources.sh\"\n";
			showEnvVarsInLog = 0;
		};
		F65E0298C014DA54862D7614 /* [CP] Embed Pods Frameworks */ = {
			isa = PBXShellScriptBuildPhase;
			buildActionMask = 2147483647;
			files = (
			);
			inputPaths = (
				"${SRCROOT}/Pods/Target Support Files/Pods-socket.client/Pods-socket.client-frameworks.sh",
				"${BUILT_PRODUCTS_DIR}/SwiftSocket/SwiftSocket.framework",
			);
			name = "[CP] Embed Pods Frameworks";
			outputPaths = (
				"${TARGET_BUILD_DIR}/${FRAMEWORKS_FOLDER_PATH}/SwiftSocket.framework",
			);
			runOnlyForDeploymentPostprocessing = 0;
			shellPath = /bin/sh;
			shellScript = "\"${SRCROOT}/Pods/Target Support Files/Pods-socket.client/Pods-socket.client-frameworks.sh\"\n";
			showEnvVarsInLog = 0;
		};
/* End PBXShellScriptBuildPhase section */

/* Begin PBXSourcesBuildPhase section */
		86172884201978FF00CBF99F /* Sources */ = {
			isa = PBXSourcesBuildPhase;
			buildActionMask = 2147483647;
			files = (
				8617288E201978FF00CBF99F /* ViewController.swift in Sources */,
				8617288C201978FF00CBF99F /* AppDelegate.swift in Sources */,
			);
			runOnlyForDeploymentPostprocessing = 0;
		};
/* End PBXSourcesBuildPhase section */

/* Begin PBXVariantGroup section */
		8617288F201978FF00CBF99F /* Main.storyboard */ = {
			isa = PBXVariantGroup;
			children = (
				86172890201978FF00CBF99F /* Base */,
			);
			name = Main.storyboard;
			sourceTree = "<group>";
		};
		86172894201978FF00CBF99F /* LaunchScreen.storyboard */ = {
			isa = PBXVariantGroup;
			children = (
				86172895201978FF00CBF99F /* Base */,
			);
			name = LaunchScreen.storyboard;
			sourceTree = "<group>";
		};
/* End PBXVariantGroup section */

/* Begin XCBuildConfiguration section */
		86172898201978FF00CBF99F /* Debug */ = {
			isa = XCBuildConfiguration;
			buildSettings = {
				ALWAYS_SEARCH_USER_PATHS = NO;
				CLANG_ANALYZER_NONNULL = YES;
				CLANG_ANALYZER_NUMBER_OBJECT_CONVERSION = YES_AGGRESSIVE;
				CLANG_CXX_LANGUAGE_STANDARD = "gnu++14";
				CLANG_CXX_LIBRARY = "libc++";
				CLANG_ENABLE_MODULES = YES;
				CLANG_ENABLE_OBJC_ARC = YES;
				CLANG_WARN_BLOCK_CAPTURE_AUTORELEASING = YES;
				CLANG_WARN_BOOL_CONVERSION = YES;
				CLANG_WARN_COMMA = YES;
				CLANG_WARN_CONSTANT_CONVERSION = YES;
				CLANG_WARN_DIRECT_OBJC_ISA_USAGE = YES_ERROR;
				CLANG_WARN_DOCUMENTATION_COMMENTS = YES;
				CLANG_WARN_EMPTY_BODY = YES;
				CLANG_WARN_ENUM_CONVERSION = YES;
				CLANG_WARN_INFINITE_RECURSION = YES;
				CLANG_WARN_INT_CONVERSION = YES;
				CLANG_WARN_NON_LITERAL_NULL_CONVERSION = YES;
				CLANG_WARN_OBJC_LITERAL_CONVERSION = YES;
				CLANG_WARN_OBJC_ROOT_CLASS = YES_ERROR;
				CLANG_WARN_RANGE_LOOP_ANALYSIS = YES;
				CLANG_WARN_STRICT_PROTOTYPES = YES;
				CLANG_WARN_SUSPICIOUS_MOVE = YES;
				CLANG_WARN_UNGUARDED_AVAILABILITY = YES_AGGRESSIVE;
				CLANG_WARN_UNREACHABLE_CODE = YES;
				CLANG_WARN__DUPLICATE_METHOD_MATCH = YES;
				CODE_SIGN_IDENTITY = "iPhone Developer";
				COPY_PHASE_STRIP = NO;
				DEBUG_INFORMATION_FORMAT = dwarf;
				ENABLE_STRICT_OBJC_MSGSEND = YES;
				ENABLE_TESTABILITY = YES;
				GCC_C_LANGUAGE_STANDARD = gnu11;
				GCC_DYNAMIC_NO_PIC = NO;
				GCC_NO_COMMON_BLOCKS = YES;
				GCC_OPTIMIZATION_LEVEL = 0;
				GCC_PREPROCESSOR_DEFINITIONS = (
					"DEBUG=1",
					"$(inherited)",
				);
				GCC_WARN_64_TO_32_BIT_CONVERSION = YES;
				GCC_WARN_ABOUT_RETURN_TYPE = YES_ERROR;
				GCC_WARN_UNDECLARED_SELECTOR = YES;
				GCC_WARN_UNINITIALIZED_AUTOS = YES_AGGRESSIVE;
				GCC_WARN_UNUSED_FUNCTION = YES;
				GCC_WARN_UNUSED_VARIABLE = YES;
				IPHONEOS_DEPLOYMENT_TARGET = 11.2;
				MTL_ENABLE_DEBUG_INFO = YES;
				ONLY_ACTIVE_ARCH = YES;
				SDKROOT = iphoneos;
				SWIFT_ACTIVE_COMPILATION_CONDITIONS = DEBUG;
				SWIFT_OPTIMIZATION_LEVEL = "-Onone";
			};
			name = Debug;
		};
		86172899201978FF00CBF99F /* Release */ = {
			isa = XCBuildConfiguration;
			buildSettings = {
				ALWAYS_SEARCH_USER_PATHS = NO;
				CLANG_ANALYZER_NONNULL = YES;
				CLANG_ANALYZER_NUMBER_OBJECT_CONVERSION = YES_AGGRESSIVE;
				CLANG_CXX_LANGUAGE_STANDARD = "gnu++14";
				CLANG_CXX_LIBRARY = "libc++";
				CLANG_ENABLE_MODULES = YES;
				CLANG_ENABLE_OBJC_ARC = YES;
				CLANG_WARN_BLOCK_CAPTURE_AUTORELEASING = YES;
				CLANG_WARN_BOOL_CONVERSION = YES;
				CLANG_WARN_COMMA = YES;
				CLANG_WARN_CONSTANT_CONVERSION = YES;
				CLANG_WARN_DIRECT_OBJC_ISA_USAGE = YES_ERROR;
				CLANG_WARN_DOCUMENTATION_COMMENTS = YES;
				CLANG_WARN_EMPTY_BODY = YES;
				CLANG_WARN_ENUM_CONVERSION = YES;
				CLANG_WARN_INFINITE_RECURSION = YES;
				CLANG_WARN_INT_CONVERSION = YES;
				CLANG_WARN_NON_LITERAL_NULL_CONVERSION = YES;
				CLANG_WARN_OBJC_LITERAL_CONVERSION = YES;
				CLANG_WARN_OBJC_ROOT_CLASS = YES_ERROR;
				CLANG_WARN_RANGE_LOOP_ANALYSIS = YES;
				CLANG_WARN_STRICT_PROTOTYPES = YES;
				CLANG_WARN_SUSPICIOUS_MOVE = YES;
				CLANG_WARN_UNGUARDED_AVAILABILITY = YES_AGGRESSIVE;
				CLANG_WARN_UNREACHABLE_CODE = YES;
				CLANG_WARN__DUPLICATE_METHOD_MATCH = YES;
				CODE_SIGN_IDENTITY = "iPhone Developer";
				COPY_PHASE_STRIP = NO;
				DEBUG_INFORMATION_FORMAT = "dwarf-with-dsym";
				ENABLE_NS_ASSERTIONS = NO;
				ENABLE_STRICT_OBJC_MSGSEND = YES;
				GCC_C_LANGUAGE_STANDARD = gnu11;
				GCC_NO_COMMON_BLOCKS = YES;
				GCC_WARN_64_TO_32_BIT_CONVERSION = YES;
				GCC_WARN_ABOUT_RETURN_TYPE = YES_ERROR;
				GCC_WARN_UNDECLARED_SELECTOR = YES;
				GCC_WARN_UNINITIALIZED_AUTOS = YES_AGGRESSIVE;
				GCC_WARN_UNUSED_FUNCTION = YES;
				GCC_WARN_UNUSED_VARIABLE = YES;
				IPHONEOS_DEPLOYMENT_TARGET = 11.2;
				MTL_ENABLE_DEBUG_INFO = NO;
				SDKROOT = iphoneos;
				SWIFT_OPTIMIZATION_LEVEL = "-Owholemodule";
				VALIDATE_PRODUCT = YES;
			};
			name = Release;
		};
		8617289B201978FF00CBF99F /* Debug */ = {
			isa = XCBuildConfiguration;
			baseConfigurationReference = A0C77E021079568DB94ABA11 /* Pods-socket.client.debug.xcconfig */;
			buildSettings = {
				ASSETCATALOG_COMPILER_APPICON_NAME = AppIcon;
				CODE_SIGN_STYLE = Automatic;
				DEVELOPMENT_TEAM = DLE524W237;
				INFOPLIST_FILE = socket.client/Info.plist;
				LD_RUNPATH_SEARCH_PATHS = "$(inherited) @executable_path/Frameworks";
				PRODUCT_BUNDLE_IDENTIFIER = "tmax.socket-client";
				PRODUCT_NAME = "$(TARGET_NAME)";
				SWIFT_VERSION = 4.0;
				TARGETED_DEVICE_FAMILY = "1,2";
			};
			name = Debug;
		};
		8617289C201978FF00CBF99F /* Release */ = {
			isa = XCBuildConfiguration;
			baseConfigurationReference = 3E2C469ACDFEFF4BDD7BD228 /* Pods-socket.client.release.xcconfig */;
			buildSettings = {
				ASSETCATALOG_COMPILER_APPICON_NAME = AppIcon;
				CODE_SIGN_STYLE = Automatic;
				DEVELOPMENT_TEAM = DLE524W237;
				INFOPLIST_FILE = socket.client/Info.plist;
				LD_RUNPATH_SEARCH_PATHS = "$(inherited) @executable_path/Frameworks";
				PRODUCT_BUNDLE_IDENTIFIER = "tmax.socket-client";
				PRODUCT_NAME = "$(TARGET_NAME)";
				SWIFT_VERSION = 4.0;
				TARGETED_DEVICE_FAMILY = "1,2";
			};
			name = Release;
		};
/* End XCBuildConfiguration section */

/* Begin XCConfigurationList section */
		86172883201978FF00CBF99F /* Build configuration list for PBXProject "socket.client" */ = {
			isa = XCConfigurationList;
			buildConfigurations = (
				86172898201978FF00CBF99F /* Debug */,
				86172899201978FF00CBF99F /* Release */,
			);
			defaultConfigurationIsVisible = 0;
			defaultConfigurationName = Release;
		};
		8617289A201978FF00CBF99F /* Build configuration list for PBXNativeTarget "socket.client" */ = {
			isa = XCConfigurationList;
			buildConfigurations = (
				8617289B201978FF00CBF99F /* Debug */,
				8617289C201978FF00CBF99F /* Release */,
			);
			defaultConfigurationIsVisible = 0;
			defaultConfigurationName = Release;
		};
/* End XCConfigurationList section */
	};
	rootObject = 86172880201978FF00CBF99F /* Project object */;
}
